
Microsoft Visual Studio Solution File, Format Version 12.00
# Visual Studio Version 17
VisualStudioVersion = 17.9.34616.47
MinimumVisualStudioVersion = 10.0.40219.1
Project("{FAE04EC0-301F-11D3-BF4B-00C04F79EFBC}") = "sistema-rh-dio", "sistema-rh-dio.csproj", "{DA3A9269-94FD-4265-8274-9A71A5E23148}"
EndProject
Global
	GlobalSection(SolutionConfigurationPlatforms) = preSolution
		Debug|Any CPU = Debug|Any CPU
		Release|Any CPU = Release|Any CPU
	EndGlobalSection
	GlobalSection(ProjectConfigurationPlatforms) = postSolution
		{DA3A9269-94FD-4265-8274-9A71A5E23148}.Debug|Any CPU.ActiveCfg = Debug|Any CPU
		{DA3A9269-94FD-4265-8274-9A71A5E23148}.Debug|Any CPU.Build.0 = Debug|Any CPU
		{DA3A9269-94FD-4265-8274-9A71A5E23148}.Release|Any CPU.ActiveCfg = Release|Any CPU
		{DA3A9269-94FD-4265-8274-9A71A5E23148}.Release|Any CPU.Build.0 = Release|Any CPU
	EndGlobalSection
	GlobalSection(SolutionProperties) = preSolution
		HideSolutionNode = FALSE
	EndGlobalSection
	GlobalSection(ExtensibilityGlobals) = postSolution
		SolutionGuid = {89C3DB87-A525-4311-8B7B-B3990A0321F6}
	EndGlobalSection
EndGlobal
